{
  "name": "@jitsi/eslint-config",
  "version": "4.1.1",
  "lockfileVersion": 2,
  "requires": true,
  "packages": {
    "": {
      "name": "@jitsi/eslint-config",
      "version": "4.1.0",
      "license": "Apache-2.0",
      "devDependencies": {},
      "peerDependencies": {
        "@babel/eslint-parser": ">= 7",
        "eslint": ">= 8"
      }
    }
  }
}
